// !$*UTF8*$!
{
	archiveVersion = 1;
	classes = {
	};
	objectVersion = 50;
	objects = {

/* Begin PBXBuildFile section */
		BA8C334D243BC92600322755 /* AppDelegate.swift in Sources */ = {isa = PBXBuildFile; fileRef = BA8C334C243BC92600322755 /* AppDelegate.swift */; };
		BA8C334F243BC92600322755 /* ViewController.swift in Sources */ = {isa = PBXBuildFile; fileRef = BA8C334E243BC92600322755 /* ViewController.swift */; };
		BA8C3352243BC92600322755 /* Main.storyboard in Resources */ = {isa = PBXBuildFile; fileRef = BA8C3350243BC92600322755 /* Main.storyboard */; };
		BA8C3354243BC92800322755 /* Assets.xcassets in Resources */ = {isa = PBXBuildFile; fileRef = BA8C3353243BC92800322755 /* Assets.xcassets */; };
		BA8C3357243BC92800322755 /* LaunchScreen.storyboard in Resources */ = {isa = PBXBuildFile; fileRef = BA8C3355243BC92800322755 /* LaunchScreen.storyboard */; };
		BA8C3362243BC92800322755 /* TestcalcTests.swift in Sources */ = {isa = PBXBuildFile; fileRef = BA8C3361243BC92800322755 /* TestcalcTests.swift */; };
		BA8C336D243BC92800322755 /* TestcalcUITests.swift in Sources */ = {isa = PBXBuildFile; fileRef = BA8C336C243BC92800322755 /* TestcalcUITests.swift */; };
/* End PBXBuildFile section */

/* Begin PBXContainerItemProxy section */
		BA8C335E243BC92800322755 /* PBXContainerItemProxy */ = {
			isa = PBXContainerItemProxy;
			containerPortal = BA8C3341243BC92600322755 /* Project object */;
			proxyType = 1;
			remoteGlobalIDString = BA8C3348243BC92600322755;
			remoteInfo = Testcalc;
		};
		BA8C3369243BC92800322755 /* PBXContainerItemProxy */ = {
			isa = PBXContainerItemProxy;
			containerPortal = BA8C3341243BC92600322755 /* Project object */;
			proxyType = 1;
			remoteGlobalIDString = BA8C3348243BC92600322755;
			remoteInfo = Testcalc;
		};
/* End PBXContainerItemProxy section */

/* Begin PBXFileReference section */
		BA8C3349243BC92600322755 /* Testcalc.app */ = {isa = PBXFileReference; explicitFileType = wrapper.application; includeInIndex = 0; path = Testcalc.app; sourceTree = BUILT_PRODUCTS_DIR; };
		BA8C334C243BC92600322755 /* AppDelegate.swift */ = {isa = PBXFileReference; lastKnownFileType = sourcecode.swift; path = AppDelegate.swift; sourceTree = "<group>"; };
		BA8C334E243BC92600322755 /* ViewController.swift */ = {isa = PBXFileReference; lastKnownFileType = sourcecode.swift; path = ViewController.swift; sourceTree = "<group>"; };
		BA8C3351243BC92600322755 /* Base */ = {isa = PBXFileReference; lastKnownFileType = file.storyboard; name = Base; path = Base.lproj/Main.storyboard; sourceTree = "<group>"; };
		BA8C3353243BC92800322755 /* Assets.xcassets */ = {isa = PBXFileReference; lastKnownFileType = folder.assetcatalog; path = Assets.xcassets; sourceTree = "<group>"; };
		BA8C3356243BC92800322755 /* Base */ = {isa = PBXFileReference; lastKnownFileType = file.storyboard; name = Base; path = Base.lproj/LaunchScreen.storyboard; sourceTree = "<group>"; };
		BA8C3358243BC92800322755 /* Info.plist */ = {isa = PBXFileReference; lastKnownFileType = text.plist.xml; path = Info.plist; sourceTree = "<group>"; };
		BA8C335D243BC92800322755 /* TestcalcTests.xctest */ = {isa = PBXFileReference; explicitFileType = wrapper.cfbundle; includeInIndex = 0; path = TestcalcTests.xctest; sourceTree = BUILT_PRODUCTS_DIR; };
		BA8C3361243BC92800322755 /* TestcalcTests.swift */ = {isa = PBXFileReference; lastKnownFileType = sourcecode.swift; path = TestcalcTests.swift; sourceTree = "<group>"; };
		BA8C3363243BC92800322755 /* Info.plist */ = {isa = PBXFileReference; lastKnownFileType = text.plist.xml; path = Info.plist; sourceTree = "<group>"; };
		BA8C3368243BC92800322755 /* TestcalcUITests.xctest */ = {isa = PBXFileReference; explicitFileType = wrapper.cfbundle; includeInIndex = 0; path = TestcalcUITests.xctest; sourceTree = BUILT_PRODUCTS_DIR; };
		BA8C336C243BC92800322755 /* TestcalcUITests.swift */ = {isa = PBXFileReference; lastKnownFileType = sourcecode.swift; path = TestcalcUITests.swift; sourceTree = "<group>"; };
		BA8C336E243BC92800322755 /* Info.plist */ = {isa = PBXFileReference; lastKnownFileType = text.plist.xml; path = Info.plist; sourceTree = "<group>"; };
/* End PBXFileReference section */

/* Begin PBXFrameworksBuildPhase section */
		BA8C3346243BC92600322755 /* Frameworks */ = {
			isa = PBXFrameworksBuildPhase;
			buildActionMask = 2147483647;
			files = (
			);
			runOnlyForDeploymentPostprocessing = 0;
		};
		BA8C335A243BC92800322755 /* Frameworks */ = {
			isa = PBXFrameworksBuildPhase;
			buildActionMask = 2147483647;
			files = (
			);
			runOnlyForDeploymentPostprocessing = 0;
		};
		BA8C3365243BC92800322755 /* Frameworks */ = {
			isa = PBXFrameworksBuildPhase;
			buildActionMask = 2147483647;
			files = (
			);
			runOnlyForDeploymentPostprocessing = 0;
		};
/* End PBXFrameworksBuildPhase section */

/* Begin PBXGroup section */
		BA8C3340243BC92600322755 = {
			isa = PBXGroup;
			children = (
				BA8C334B243BC92600322755 /* Testcalc */,
				BA8C3360243BC92800322755 /* TestcalcTests */,
				BA8C336B243BC92800322755 /* TestcalcUITests */,
				BA8C334A243BC92600322755 /* Products */,
			);
			sourceTree = "<group>";
		};
		BA8C334A243BC92600322755 /* Products */ = {
			isa = PBXGroup;
			children = (
				BA8C3349243BC92600322755 /* Testcalc.app */,
				BA8C335D243BC92800322755 /* TestcalcTests.xctest */,
				BA8C3368243BC92800322755 /* TestcalcUITests.xctest */,
			);
			name = Products;
			sourceTree = "<group>";
		};
		BA8C334B243BC92600322755 /* Testcalc */ = {
			isa = PBXGroup;
			children = (
				BA8C334C243BC92600322755 /* AppDelegate.swift */,
				BA8C334E243BC92600322755 /* ViewController.swift */,
				BA8C3350243BC92600322755 /* Main.storyboard */,
				BA8C3353243BC92800322755 /* Assets.xcassets */,
				BA8C3355243BC92800322755 /* LaunchScreen.storyboard */,
				BA8C3358243BC92800322755 /* Info.plist */,
			);
			path = Testcalc;
			sourceTree = "<group>";
		};
		BA8C3360243BC92800322755 /* TestcalcTests */ = {
			isa = PBXGroup;
			children = (
				BA8C3361243BC92800322755 /* TestcalcTests.swift */,
				BA8C3363243BC92800322755 /* Info.plist */,
			);
			path = TestcalcTests;
			sourceTree = "<group>";
		};
		BA8C336B243BC92800322755 /* TestcalcUITests */ = {
			isa = PBXGroup;
			children = (
				BA8C336C243BC92800322755 /* TestcalcUITests.swift */,
				BA8C336E243BC92800322755 /* Info.plist */,
			);
			path = TestcalcUITests;
			sourceTree = "<group>";
		};
/* End PBXGroup section */

/* Begin PBXNativeTarget section */
		BA8C3348243BC92600322755 /* Testcalc */ = {
			isa = PBXNativeTarget;
			buildConfigurationList = BA8C3371243BC92800322755 /* Build configuration list for PBXNativeTarget "Testcalc" */;
			buildPhases = (
				BA8C3345243BC92600322755 /* Sources */,
				BA8C3346243BC92600322755 /* Frameworks */,
				BA8C3347243BC92600322755 /* Resources */,
			);
			buildRules = (
			);
			dependencies = (
			);
			name = Testcalc;
			productName = Testcalc;
			productReference = BA8C3349243BC92600322755 /* Testcalc.app */;
			productType = "com.apple.product-type.application";
		};
		BA8C335C243BC92800322755 /* TestcalcTests */ = {
			isa = PBXNativeTarget;
			buildConfigurationList = BA8C3374243BC92800322755 /* Build configuration list for PBXNativeTarget "TestcalcTests" */;
			buildPhases = (
				BA8C3359243BC92800322755 /* Sources */,
				BA8C335A243BC92800322755 /* Frameworks */,
				BA8C335B243BC92800322755 /* Resources */,
			);
			buildRules = (
			);
			dependencies = (
				BA8C335F243BC92800322755 /* PBXTargetDependency */,
			);
			name = TestcalcTests;
			productName = TestcalcTests;
			productReference = BA8C335D243BC92800322755 /* TestcalcTests.xctest */;
			productType = "com.apple.product-type.bundle.unit-test";
		};
		BA8C3367243BC92800322755 /* TestcalcUITests */ = {
			isa = PBXNativeTarget;
			buildConfigurationList = BA8C3377243BC92800322755 /* Build configuration list for PBXNativeTarget "TestcalcUITests" */;
			buildPhases = (
				BA8C3364243BC92800322755 /* Sources */,
				BA8C3365243BC92800322755 /* Frameworks */,
				BA8C3366243BC92800322755 /* Resources */,
			);
			buildRules = (
			);
			dependencies = (
				BA8C336A243BC92800322755 /* PBXTargetDependency */,
			);
			name = TestcalcUITests;
			productName = TestcalcUITests;
			productReference = BA8C3368243BC92800322755 /* TestcalcUITests.xctest */;
			productType = "com.apple.product-type.bundle.ui-testing";
		};
/* End PBXNativeTarget section */

/* Begin PBXProject section */
		BA8C3341243BC92600322755 /* Project object */ = {
			isa = PBXProject;
			attributes = {
				LastSwiftUpdateCheck = 1030;
				LastUpgradeCheck = 1030;
				ORGANIZATIONNAME = "Bluford Sanders";
				TargetAttributes = {
					BA8C3348243BC92600322755 = {
						CreatedOnToolsVersion = 10.3;
					};
					BA8C335C243BC92800322755 = {
						CreatedOnToolsVersion = 10.3;
						TestTargetID = BA8C3348243BC92600322755;
					};
					BA8C3367243BC92800322755 = {
						CreatedOnToolsVersion = 10.3;
						TestTargetID = BA8C3348243BC92600322755;
					};
				};
			};
			buildConfigurationList = BA8C3344243BC92600322755 /* Build configuration list for PBXProject "Testcalc" */;
			compatibilityVersion = "Xcode 9.3";
			developmentRegion = en;
			hasScannedForEncodings = 0;
			knownRegions = (
				en,
				Base,
			);
			mainGroup = BA8C3340243BC92600322755;
			productRefGroup = BA8C334A243BC92600322755 /* Products */;
			projectDirPath = "";
			projectRoot = "";
			targets = (
				BA8C3348243BC92600322755 /* Testcalc */,
				BA8C335C243BC92800322755 /* TestcalcTests */,
				BA8C3367243BC92800322755 /* TestcalcUITests */,
			);
		};
/* End PBXProject section */

/* Begin PBXResourcesBuildPhase section */
		BA8C3347243BC92600322755 /* Resources */ = {
			isa = PBXResourcesBuildPhase;
			buildActionMask = 2147483647;
			files = (
				BA8C3357243BC92800322755 /* LaunchScreen.storyboard in Resources */,
				BA8C3354243BC92800322755 /* Assets.xcassets in Resources */,
				BA8C3352243BC92600322755 /* Main.storyboard in Resources */,
			);
			runOnlyForDeploymentPostprocessing = 0;
		};
		BA8C335B243BC92800322755 /* Resources */ = {
			isa = PBXResourcesBuildPhase;
			buildActionMask = 2147483647;
			files = (
			);
			runOnlyForDeploymentPostprocessing = 0;
		};
		BA8C3366243BC92800322755 /* Resources */ = {
			isa = PBXResourcesBuildPhase;
			buildActionMask = 2147483647;
			files = (
			);
			runOnlyForDeploymentPostprocessing = 0;
		};
/* End PBXResourcesBuildPhase section */

/* Begin PBXSourcesBuildPhase section */
		BA8C3345243BC92600322755 /* Sources */ = {
			isa = PBXSourcesBuildPhase;
			buildActionMask = 2147483647;
			files = (
				BA8C334F243BC92600322755 /* ViewController.swift in Sources */,
				BA8C334D243BC92600322755 /* AppDelegate.swift in Sources */,
			);
			runOnlyForDeploymentPostprocessing = 0;
		};
		BA8C3359243BC92800322755 /* Sources */ = {
			isa = PBXSourcesBuildPhase;
			buildActionMask = 2147483647;
			files = (
				BA8C3362243BC92800322755 /* TestcalcTests.swift in Sources */,
			);
			runOnlyForDeploymentPostprocessing = 0;
		};
		BA8C3364243BC92800322755 /* Sources */ = {
			isa = PBXSourcesBuildPhase;
			buildActionMask = 2147483647;
			files = (
				BA8C336D243BC92800322755 /* TestcalcUITests.swift in Sources */,
			);
			runOnlyForDeploymentPostprocessing = 0;
		};
/* End PBXSourcesBuildPhase section */

/* Begin PBXTargetDependency section */
		BA8C335F243BC92800322755 /* PBXTargetDependency */ = {
			isa = PBXTargetDependency;
			target = BA8C3348243BC92600322755 /* Testcalc */;
			targetProxy = BA8C335E243BC92800322755 /* PBXContainerItemProxy */;
		};
		BA8C336A243BC92800322755 /* PBXTargetDependency */ = {
			isa = PBXTargetDependency;
			target = BA8C3348243BC92600322755 /* Testcalc */;
			targetProxy = BA8C3369243BC92800322755 /* PBXContainerItemProxy */;
		};
/* End PBXTargetDependency section */

/* Begin PBXVariantGroup section */
		BA8C3350243BC92600322755 /* Main.storyboard */ = {
			isa = PBXVariantGroup;
			children = (
				BA8C3351243BC92600322755 /* Base */,
			);
			name = Main.storyboard;
			sourceTree = "<group>";
		};
		BA8C3355243BC92800322755 /* LaunchScreen.storyboard */ = {
			isa = PBXVariantGroup;
			children = (
				BA8C3356243BC92800322755 /* Base */,
			);
			name = LaunchScreen.storyboard;
			sourceTree = "<group>";
		};
/* End PBXVariantGroup section */

/* Begin XCBuildConfiguration section */
		BA8C336F243BC92800322755 /* Debug */ = {
			isa = XCBuildConfiguration;
			buildSettings = {
				ALWAYS_SEARCH_USER_PATHS = NO;
				CLANG_ANALYZER_NONNULL = YES;
				CLANG_ANALYZER_NUMBER_OBJECT_CONVERSION = YES_AGGRESSIVE;
				CLANG_CXX_LANGUAGE_STANDARD = "gnu++14";
				CLANG_CXX_LIBRARY = "libc++";
				CLANG_ENABLE_MODULES = YES;
				CLANG_ENABLE_OBJC_ARC = YES;
				CLANG_ENABLE_OBJC_WEAK = YES;
				CLANG_WARN_BLOCK_CAPTURE_AUTORELEASING = YES;
				CLANG_WARN_BOOL_CONVERSION = YES;
				CLANG_WARN_COMMA = YES;
				CLANG_WARN_CONSTANT_CONVERSION = YES;
				CLANG_WARN_DEPRECATED_OBJC_IMPLEMENTATIONS = YES;
				CLANG_WARN_DIRECT_OBJC_ISA_USAGE = YES_ERROR;
				CLANG_WARN_DOCUMENTATION_COMMENTS = YES;
				CLANG_WARN_EMPTY_BODY = YES;
				CLANG_WARN_ENUM_CONVERSION = YES;
				CLANG_WARN_INFINITE_RECURSION = YES;
				CLANG_WARN_INT_CONVERSION = YES;
				CLANG_WARN_NON_LITERAL_NULL_CONVERSION = YES;
				CLANG_WARN_OBJC_IMPLICIT_RETAIN_SELF = YES;
				CLANG_WARN_OBJC_LITERAL_CONVERSION = YES;
				CLANG_WARN_OBJC_ROOT_CLASS = YES_ERROR;
				CLANG_WARN_RANGE_LOOP_ANALYSIS = YES;
				CLANG_WARN_STRICT_PROTOTYPES = YES;
				CLANG_WARN_SUSPICIOUS_MOVE = YES;
				CLANG_WARN_UNGUARDED_AVAILABILITY = YES_AGGRESSIVE;
				CLANG_WARN_UNREACHABLE_CODE = YES;
				CLANG_WARN__DUPLICATE_METHOD_MATCH = YES;
				CODE_SIGN_IDENTITY = "iPhone Developer";
				COPY_PHASE_STRIP = NO;
				DEBUG_INFORMATION_FORMAT = dwarf;
				ENABLE_STRICT_OBJC_MSGSEND = YES;
				ENABLE_TESTABILITY = YES;
				GCC_C_LANGUAGE_STANDARD = gnu11;
				GCC_DYNAMIC_NO_PIC = NO;
				GCC_NO_COMMON_BLOCKS = YES;
				GCC_OPTIMIZATION_LEVEL = 0;
				GCC_PREPROCESSOR_DEFINITIONS = (
					"DEBUG=1",
					"$(inherited)",
				);
				GCC_WARN_64_TO_32_BIT_CONVERSION = YES;
				GCC_WARN_ABOUT_RETURN_TYPE = YES_ERROR;
				GCC_WARN_UNDECLARED_SELECTOR = YES;
				GCC_WARN_UNINITIALIZED_AUTOS = YES_AGGRESSIVE;
				GCC_WARN_UNUSED_FUNCTION = YES;
				GCC_WARN_UNUSED_VARIABLE = YES;
				IPHONEOS_DEPLOYMENT_TARGET = 12.4;
				MTL_ENABLE_DEBUG_INFO = INCLUDE_SOURCE;
				MTL_FAST_MATH = YES;
				ONLY_ACTIVE_ARCH = YES;
				SDKROOT = iphoneos;
				SWIFT_ACTIVE_COMPILATION_CONDITIONS = DEBUG;
				SWIFT_OPTIMIZATION_LEVEL = "-Onone";
			};
			name = Debug;
		};
		BA8C3370243BC92800322755 /* Release */ = {
			isa = XCBuildConfiguration;
			buildSettings = {
				ALWAYS_SEARCH_USER_PATHS = NO;
				CLANG_ANALYZER_NONNULL = YES;
				CLANG_ANALYZER_NUMBER_OBJECT_CONVERSION = YES_AGGRESSIVE;
				CLANG_CXX_LANGUAGE_STANDARD = "gnu++14";
				CLANG_CXX_LIBRARY = "libc++";
				CLANG_ENABLE_MODULES = YES;
				CLANG_ENABLE_OBJC_ARC = YES;
				CLANG_ENABLE_OBJC_WEAK = YES;
				CLANG_WARN_BLOCK_CAPTURE_AUTORELEASING = YES;
				CLANG_WARN_BOOL_CONVERSION = YES;
				CLANG_WARN_COMMA = YES;
				CLANG_WARN_CONSTANT_CONVERSION = YES;
				CLANG_WARN_DEPRECATED_OBJC_IMPLEMENTATIONS = YES;
				CLANG_WARN_DIRECT_OBJC_ISA_USAGE = YES_ERROR;
				CLANG_WARN_DOCUMENTATION_COMMENTS = YES;
				CLANG_WARN_EMPTY_BODY = YES;
				CLANG_WARN_ENUM_CONVERSION = YES;
				CLANG_WARN_INFINITE_RECURSION = YES;
				CLANG_WARN_INT_CONVERSION = YES;
				CLANG_WARN_NON_LITERAL_NULL_CONVERSION = YES;
				CLANG_WARN_OBJC_IMPLICIT_RETAIN_SELF = YES;
				CLANG_WARN_OBJC_LITERAL_CONVERSION = YES;
				CLANG_WARN_OBJC_ROOT_CLASS = YES_ERROR;
				CLANG_WARN_RANGE_LOOP_ANALYSIS = YES;
				CLANG_WARN_STRICT_PROTOTYPES = YES;
				CLANG_WARN_SUSPICIOUS_MOVE = YES;
				CLANG_WARN_UNGUARDED_AVAILABILITY = YES_AGGRESSIVE;
				CLANG_WARN_UNREACHABLE_CODE = YES;
				CLANG_WARN__DUPLICATE_METHOD_MATCH = YES;
				CODE_SIGN_IDENTITY = "iPhone Developer";
				COPY_PHASE_STRIP = NO;
				DEBUG_INFORMATION_FORMAT = "dwarf-with-dsym";
				ENABLE_NS_ASSERTIONS = NO;
				ENABLE_STRICT_OBJC_MSGSEND = YES;
				GCC_C_LANGUAGE_STANDARD = gnu11;
				GCC_NO_COMMON_BLOCKS = YES;
				GCC_WARN_64_TO_32_BIT_CONVERSION = YES;
				GCC_WARN_ABOUT_RETURN_TYPE = YES_ERROR;
				GCC_WARN_UNDECLARED_SELECTOR = YES;
				GCC_WARN_UNINITIALIZED_AUTOS = YES_AGGRESSIVE;
				GCC_WARN_UNUSED_FUNCTION = YES;
				GCC_WARN_UNUSED_VARIABLE = YES;
				IPHONEOS_DEPLOYMENT_TARGET = 12.4;
				MTL_ENABLE_DEBUG_INFO = NO;
				MTL_FAST_MATH = YES;
				SDKROOT = iphoneos;
				SWIFT_COMPILATION_MODE = wholemodule;
				SWIFT_OPTIMIZATION_LEVEL = "-O";
				VALIDATE_PRODUCT = YES;
			};
			name = Release;
		};
		BA8C3372243BC92800322755 /* Debug */ = {
			isa = XCBuildConfiguration;
			buildSettings = {
				ASSETCATALOG_COMPILER_APPICON_NAME = AppIcon;
				CODE_SIGN_STYLE = Automatic;
				INFOPLIST_FILE = Testcalc/Info.plist;
				LD_RUNPATH_SEARCH_PATHS = (
					"$(inherited)",
					"@executable_path/Frameworks",
				);
				PRODUCT_BUNDLE_IDENTIFIER = GiantApps.Testcalc;
				PRODUCT_NAME = "$(TARGET_NAME)";
				SWIFT_VERSION = 5.0;
				TARGETED_DEVICE_FAMILY = "1,2";
			};
			name = Debug;
		};
		BA8C3373243BC92800322755 /* Release */ = {
			isa = XCBuildConfiguration;
			buildSettings = {
				ASSETCATALOG_COMPILER_APPICON_NAME = AppIcon;
				CODE_SIGN_STYLE = Automatic;
				INFOPLIST_FILE = Testcalc/Info.plist;
				LD_RUNPATH_SEARCH_PATHS = (
					"$(inherited)",
					"@executable_path/Frameworks",
				);
				PRODUCT_BUNDLE_IDENTIFIER = GiantApps.Testcalc;
				PRODUCT_NAME = "$(TARGET_NAME)";
				SWIFT_VERSION = 5.0;
				TARGETED_DEVICE_FAMILY = "1,2";
			};
			name = Release;
		};
		BA8C3375243BC92800322755 /* Debug */ = {
			isa = XCBuildConfiguration;
			buildSettings = {
				ALWAYS_EMBED_SWIFT_STANDARD_LIBRARIES = YES;
				BUNDLE_LOADER = "$(TEST_HOST)";
				CODE_SIGN_STYLE = Automatic;
				INFOPLIST_FILE = TestcalcTests/Info.plist;
				LD_RUNPATH_SEARCH_PATHS = (
					"$(inherited)",
					"@executable_path/Frameworks",
					"@loader_path/Frameworks",
				);
				PRODUCT_BUNDLE_IDENTIFIER = GiantApps.TestcalcTests;
				PRODUCT_NAME = "$(TARGET_NAME)";
				SWIFT_VERSION = 5.0;
				TARGETED_DEVICE_FAMILY = "1,2";
				TEST_HOST = "$(BUILT_PRODUCTS_DIR)/Testcalc.app/Testcalc";
			};
			name = Debug;
		};
		BA8C3376243BC92800322755 /* Release */ = {
			isa = XCBuildConfiguration;
			buildSettings = {
				ALWAYS_EMBED_SWIFT_STANDARD_LIBRARIES = YES;
				BUNDLE_LOADER = "$(TEST_HOST)";
				CODE_SIGN_STYLE = Automatic;
				INFOPLIST_FILE = TestcalcTests/Info.plist;
				LD_RUNPATH_SEARCH_PATHS = (
					"$(inherited)",
					"@executable_path/Frameworks",
					"@loader_path/Frameworks",
				);
				PRODUCT_BUNDLE_IDENTIFIER = GiantApps.TestcalcTests;
				PRODUCT_NAME = "$(TARGET_NAME)";
				SWIFT_VERSION = 5.0;
				TARGETED_DEVICE_FAMILY = "1,2";
				TEST_HOST = "$(BUILT_PRODUCTS_DIR)/Testcalc.app/Testcalc";
			};
			name = Release;
		};
		BA8C3378243BC92800322755 /* Debug */ = {
			isa = XCBuildConfiguration;
			buildSettings = {
				ALWAYS_EMBED_SWIFT_STANDARD_LIBRARIES = YES;
				CODE_SIGN_STYLE = Automatic;
				INFOPLIST_FILE = TestcalcUITests/Info.plist;
				LD_RUNPATH_SEARCH_PATHS = (
					"$(inherited)",
					"@executable_path/Frameworks",
					"@loader_path/Frameworks",
				);
				PRODUCT_BUNDLE_IDENTIFIER = GiantApps.TestcalcUITests;
				PRODUCT_NAME = "$(TARGET_NAME)";
				SWIFT_VERSION = 5.0;
				TARGETED_DEVICE_FAMILY = "1,2";
				TEST_TARGET_NAME = Testcalc;
			};
			name = Debug;
		};
		BA8C3379243BC92800322755 /* Release */ = {
			isa = XCBuildConfiguration;
			buildSettings = {
				ALWAYS_EMBED_SWIFT_STANDARD_LIBRARIES = YES;
				CODE_SIGN_STYLE = Automatic;
				INFOPLIST_FILE = TestcalcUITests/Info.plist;
				LD_RUNPATH_SEARCH_PATHS = (
					"$(inherited)",
					"@executable_path/Frameworks",
					"@loader_path/Frameworks",
				);
				PRODUCT_BUNDLE_IDENTIFIER = GiantApps.TestcalcUITests;
				PRODUCT_NAME = "$(TARGET_NAME)";
				SWIFT_VERSION = 5.0;
				TARGETED_DEVICE_FAMILY = "1,2";
				TEST_TARGET_NAME = Testcalc;
			};
			name = Release;
		};
/* End XCBuildConfiguration section */

/* Begin XCConfigurationList section */
		BA8C3344243BC92600322755 /* Build configuration list for PBXProject "Testcalc" */ = {
			isa = XCConfigurationList;
			buildConfigurations = (
				BA8C336F243BC92800322755 /* Debug */,
				BA8C3370243BC92800322755 /* Release */,
			);
			defaultConfigurationIsVisible = 0;
			defaultConfigurationName = Release;
		};
		BA8C3371243BC92800322755 /* Build configuration list for PBXNativeTarget "Testcalc" */ = {
			isa = XCConfigurationList;
			buildConfigurations = (
				BA8C3372243BC92800322755 /* Debug */,
				BA8C3373243BC92800322755 /* Release */,
			);
			defaultConfigurationIsVisible = 0;
			defaultConfigurationName = Release;
		};
		BA8C3374243BC92800322755 /* Build configuration list for PBXNativeTarget "TestcalcTests" */ = {
			isa = XCConfigurationList;
			buildConfigurations = (
				BA8C3375243BC92800322755 /* Debug */,
				BA8C3376243BC92800322755 /* Release */,
			);
			defaultConfigurationIsVisible = 0;
			defaultConfigurationName = Release;
		};
		BA8C3377243BC92800322755 /* Build configuration list for PBXNativeTarget "TestcalcUITests" */ = {
			isa = XCConfigurationList;
			buildConfigurations = (
				BA8C3378243BC92800322755 /* Debug */,
				BA8C3379243BC92800322755 /* Release */,
			);
			defaultConfigurationIsVisible = 0;
			defaultConfigurationName = Release;
		};
/* End XCConfigurationList section */
	};
	rootObject = BA8C3341243BC92600322755 /* Project object */;
}
